// !$*UTF8*$!
{
	archiveVersion = 1;
	classes = {
	};
	objectVersion = 46;
	objects = {

/* Begin PBXBuildFile section */
		E20B5E231E694A4300549C19 /* AppDelegate.m in Sources */ = {isa = PBXBuildFile; fileRef = E20B5E221E694A4300549C19 /* AppDelegate.m */; };
		E20B5E261E694A4300549C19 /* main.m in Sources */ = {isa = PBXBuildFile; fileRef = E20B5E251E694A4300549C19 /* main.m */; };
		E20B5E291E694A4300549C19 /* ViewController.m in Sources */ = {isa = PBXBuildFile; fileRef = E20B5E281E694A4300549C19 /* ViewController.m */; };
		E20B5E2B1E694A4300549C19 /* Assets.xcassets in Resources */ = {isa = PBXBuildFile; fileRef = E20B5E2A1E694A4300549C19 /* Assets.xcassets */; };
		E20B5E2E1E694A4300549C19 /* Main.storyboard in Resources */ = {isa = PBXBuildFile; fileRef = E20B5E2C1E694A4300549C19 /* Main.storyboard */; };
		E27759051F0B6804001F5A90 /* AppSandboxFileAccess.m in Sources */ = {isa = PBXBuildFile; fileRef = E27759001F0B6804001F5A90 /* AppSandboxFileAccess.m */; };
		E27759061F0B6804001F5A90 /* AppSandboxFileAccessOpenSavePanelDelegate.m in Sources */ = {isa = PBXBuildFile; fileRef = E27759021F0B6804001F5A90 /* AppSandboxFileAccessOpenSavePanelDelegate.m */; };
		E27759071F0B6804001F5A90 /* AppSandboxFileAccessPersist.m in Sources */ = {isa = PBXBuildFile; fileRef = E27759041F0B6804001F5A90 /* AppSandboxFileAccessPersist.m */; };
		E2D4F90E1E6A9F9E00321650 /* NSImage+category.m in Sources */ = {isa = PBXBuildFile; fileRef = E2D4F90D1E6A9F9E00321650 /* NSImage+category.m */; };
		E2D4F9111E6D03C500321650 /* NSImageProperyCellView.m in Sources */ = {isa = PBXBuildFile; fileRef = E2D4F9101E6D03C500321650 /* NSImageProperyCellView.m */; };
/* End PBXBuildFile section */

/* Begin PBXFileReference section */
		E20B5E1E1E694A4300549C19 /* 一键图标.app */ = {isa = PBXFileReference; explicitFileType = wrapper.application; includeInIndex = 0; path = "一键图标.app"; sourceTree = BUILT_PRODUCTS_DIR; };
		E20B5E211E694A4300549C19 /* AppDelegate.h */ = {isa = PBXFileReference; lastKnownFileType = sourcecode.c.h; path = AppDelegate.h; sourceTree = "<group>"; };
		E20B5E221E694A4300549C19 /* AppDelegate.m */ = {isa = PBXFileReference; lastKnownFileType = sourcecode.c.objc; path = AppDelegate.m; sourceTree = "<group>"; };
		E20B5E251E694A4300549C19 /* main.m */ = {isa = PBXFileReference; lastKnownFileType = sourcecode.c.objc; path = main.m; sourceTree = "<group>"; };
		E20B5E271E694A4300549C19 /* ViewController.h */ = {isa = PBXFileReference; lastKnownFileType = sourcecode.c.h; path = ViewController.h; sourceTree = "<group>"; };
		E20B5E281E694A4300549C19 /* ViewController.m */ = {isa = PBXFileReference; lastKnownFileType = sourcecode.c.objc; path = ViewController.m; sourceTree = "<group>"; };
		E20B5E2A1E694A4300549C19 /* Assets.xcassets */ = {isa = PBXFileReference; lastKnownFileType = folder.assetcatalog; path = Assets.xcassets; sourceTree = "<group>"; };
		E20B5E2D1E694A4300549C19 /* Base */ = {isa = PBXFileReference; lastKnownFileType = file.storyboard; name = Base; path = Base.lproj/Main.storyboard; sourceTree = "<group>"; };
		E20B5E2F1E694A4300549C19 /* Info.plist */ = {isa = PBXFileReference; lastKnownFileType = text.plist.xml; path = Info.plist; sourceTree = "<group>"; };
		E255DFEE1F0A8E6200B4DE8C /* 一键图标.entitlements */ = {isa = PBXFileReference; lastKnownFileType = text.plist.entitlements; path = "一键图标.entitlements"; sourceTree = "<group>"; };
		E27758FF1F0B6804001F5A90 /* AppSandboxFileAccess.h */ = {isa = PBXFileReference; fileEncoding = 4; lastKnownFileType = sourcecode.c.h; path = AppSandboxFileAccess.h; sourceTree = "<group>"; };
		E27759001F0B6804001F5A90 /* AppSandboxFileAccess.m */ = {isa = PBXFileReference; fileEncoding = 4; lastKnownFileType = sourcecode.c.objc; path = AppSandboxFileAccess.m; sourceTree = "<group>"; };
		E27759011F0B6804001F5A90 /* AppSandboxFileAccessOpenSavePanelDelegate.h */ = {isa = PBXFileReference; fileEncoding = 4; lastKnownFileType = sourcecode.c.h; path = AppSandboxFileAccessOpenSavePanelDelegate.h; sourceTree = "<group>"; };
		E27759021F0B6804001F5A90 /* AppSandboxFileAccessOpenSavePanelDelegate.m */ = {isa = PBXFileReference; fileEncoding = 4; lastKnownFileType = sourcecode.c.objc; path = AppSandboxFileAccessOpenSavePanelDelegate.m; sourceTree = "<group>"; };
		E27759031F0B6804001F5A90 /* AppSandboxFileAccessPersist.h */ = {isa = PBXFileReference; fileEncoding = 4; lastKnownFileType = sourcecode.c.h; path = AppSandboxFileAccessPersist.h; sourceTree = "<group>"; };
		E27759041F0B6804001F5A90 /* AppSandboxFileAccessPersist.m */ = {isa = PBXFileReference; fileEncoding = 4; lastKnownFileType = sourcecode.c.objc; path = AppSandboxFileAccessPersist.m; sourceTree = "<group>"; };
		E2D4F90C1E6A9F9E00321650 /* NSImage+category.h */ = {isa = PBXFileReference; fileEncoding = 4; lastKnownFileType = sourcecode.c.h; path = "NSImage+category.h"; sourceTree = "<group>"; };
		E2D4F90D1E6A9F9E00321650 /* NSImage+category.m */ = {isa = PBXFileReference; fileEncoding = 4; lastKnownFileType = sourcecode.c.objc; path = "NSImage+category.m"; sourceTree = "<group>"; };
		E2D4F90F1E6D03C500321650 /* NSImageProperyCellView.h */ = {isa = PBXFileReference; fileEncoding = 4; lastKnownFileType = sourcecode.c.h; path = NSImageProperyCellView.h; sourceTree = "<group>"; };
		E2D4F9101E6D03C500321650 /* NSImageProperyCellView.m */ = {isa = PBXFileReference; fileEncoding = 4; lastKnownFileType = sourcecode.c.objc; path = NSImageProperyCellView.m; sourceTree = "<group>"; };
/* End PBXFileReference section */

/* Begin PBXFrameworksBuildPhase section */
		E20B5E1B1E694A4300549C19 /* Frameworks */ = {
			isa = PBXFrameworksBuildPhase;
			buildActionMask = 2147483647;
			files = (
			);
			runOnlyForDeploymentPostprocessing = 0;
		};
/* End PBXFrameworksBuildPhase section */

/* Begin PBXGroup section */
		E20B5E151E694A4300549C19 = {
			isa = PBXGroup;
			children = (
				E20B5E201E694A4300549C19 /* GImageTransformer */,
				E20B5E1F1E694A4300549C19 /* Products */,
			);
			sourceTree = "<group>";
		};
		E20B5E1F1E694A4300549C19 /* Products */ = {
			isa = PBXGroup;
			children = (
				E20B5E1E1E694A4300549C19 /* 一键图标.app */,
			);
			name = Products;
			sourceTree = "<group>";
		};
		E20B5E201E694A4300549C19 /* GImageTransformer */ = {
			isa = PBXGroup;
			children = (
				E255DFEE1F0A8E6200B4DE8C /* 一键图标.entitlements */,
				E27758FE1F0B6804001F5A90 /* SandboxAccess */,
				E20B5E211E694A4300549C19 /* AppDelegate.h */,
				E20B5E221E694A4300549C19 /* AppDelegate.m */,
				E20B5E271E694A4300549C19 /* ViewController.h */,
				E20B5E281E694A4300549C19 /* ViewController.m */,
				E2D4F90F1E6D03C500321650 /* NSImageProperyCellView.h */,
				E2D4F9101E6D03C500321650 /* NSImageProperyCellView.m */,
				E2D4F90C1E6A9F9E00321650 /* NSImage+category.h */,
				E2D4F90D1E6A9F9E00321650 /* NSImage+category.m */,
				E20B5E2A1E694A4300549C19 /* Assets.xcassets */,
				E20B5E2C1E694A4300549C19 /* Main.storyboard */,
				E20B5E2F1E694A4300549C19 /* Info.plist */,
				E20B5E241E694A4300549C19 /* Supporting Files */,
			);
			path = GImageTransformer;
			sourceTree = "<group>";
		};
		E20B5E241E694A4300549C19 /* Supporting Files */ = {
			isa = PBXGroup;
			children = (
				E20B5E251E694A4300549C19 /* main.m */,
			);
			name = "Supporting Files";
			sourceTree = "<group>";
		};
		E27758FE1F0B6804001F5A90 /* SandboxAccess */ = {
			isa = PBXGroup;
			children = (
				E27758FF1F0B6804001F5A90 /* AppSandboxFileAccess.h */,
				E27759001F0B6804001F5A90 /* AppSandboxFileAccess.m */,
				E27759011F0B6804001F5A90 /* AppSandboxFileAccessOpenSavePanelDelegate.h */,
				E27759021F0B6804001F5A90 /* AppSandboxFileAccessOpenSavePanelDelegate.m */,
				E27759031F0B6804001F5A90 /* AppSandboxFileAccessPersist.h */,
				E27759041F0B6804001F5A90 /* AppSandboxFileAccessPersist.m */,
			);
			path = SandboxAccess;
			sourceTree = "<group>";
		};
/* End PBXGroup section */

/* Begin PBXNativeTarget section */
		E20B5E1D1E694A4300549C19 /* GImageTransformer */ = {
			isa = PBXNativeTarget;
			buildConfigurationList = E20B5E321E694A4300549C19 /* Build configuration list for PBXNativeTarget "GImageTransformer" */;
			buildPhases = (
				E20B5E1A1E694A4300549C19 /* Sources */,
				E20B5E1B1E694A4300549C19 /* Frameworks */,
				E20B5E1C1E694A4300549C19 /* Resources */,
			);
			buildRules = (
			);
			dependencies = (
			);
			name = GImageTransformer;
			productName = GImageTransformer;
			productReference = E20B5E1E1E694A4300549C19 /* 一键图标.app */;
			productType = "com.apple.product-type.application";
		};
/* End PBXNativeTarget section */

/* Begin PBXProject section */
		E20B5E161E694A4300549C19 /* Project object */ = {
			isa = PBXProject;
			attributes = {
				LastUpgradeCheck = 0820;
				ORGANIZATIONNAME = selfWork.cn;
				TargetAttributes = {
					E20B5E1D1E694A4300549C19 = {
						CreatedOnToolsVersion = 8.2;
						ProvisioningStyle = Automatic;
						SystemCapabilities = {
							com.apple.Sandbox = {
								enabled = 1;
							};
						};
					};
				};
			};
			buildConfigurationList = E20B5E191E694A4300549C19 /* Build configuration list for PBXProject "GImageTransformer" */;
			compatibilityVersion = "Xcode 3.2";
			developmentRegion = English;
			hasScannedForEncodings = 0;
			knownRegions = (
				en,
				Base,
			);
			mainGroup = E20B5E151E694A4300549C19;
			productRefGroup = E20B5E1F1E694A4300549C19 /* Products */;
			projectDirPath = "";
			projectRoot = "";
			targets = (
				E20B5E1D1E694A4300549C19 /* GImageTransformer */,
			);
		};
/* End PBXProject section */

/* Begin PBXResourcesBuildPhase section */
		E20B5E1C1E694A4300549C19 /* Resources */ = {
			isa = PBXResourcesBuildPhase;
			buildActionMask = 2147483647;
			files = (
				E20B5E2B1E694A4300549C19 /* Assets.xcassets in Resources */,
				E20B5E2E1E694A4300549C19 /* Main.storyboard in Resources */,
			);
			runOnlyForDeploymentPostprocessing = 0;
		};
/* End PBXResourcesBuildPhase section */

/* Begin PBXSourcesBuildPhase section */
		E20B5E1A1E694A4300549C19 /* Sources */ = {
			isa = PBXSourcesBuildPhase;
			buildActionMask = 2147483647;
			files = (
				E20B5E291E694A4300549C19 /* ViewController.m in Sources */,
				E27759051F0B6804001F5A90 /* AppSandboxFileAccess.m in Sources */,
				E20B5E261E694A4300549C19 /* main.m in Sources */,
				E2D4F90E1E6A9F9E00321650 /* NSImage+category.m in Sources */,
				E27759071F0B6804001F5A90 /* AppSandboxFileAccessPersist.m in Sources */,
				E20B5E231E694A4300549C19 /* AppDelegate.m in Sources */,
				E27759061F0B6804001F5A90 /* AppSandboxFileAccessOpenSavePanelDelegate.m in Sources */,
				E2D4F9111E6D03C500321650 /* NSImageProperyCellView.m in Sources */,
			);
			runOnlyForDeploymentPostprocessing = 0;
		};
/* End PBXSourcesBuildPhase section */

/* Begin PBXVariantGroup section */
		E20B5E2C1E694A4300549C19 /* Main.storyboard */ = {
			isa = PBXVariantGroup;
			children = (
				E20B5E2D1E694A4300549C19 /* Base */,
			);
			name = Main.storyboard;
			sourceTree = "<group>";
		};
/* End PBXVariantGroup section */

/* Begin XCBuildConfiguration section */
		E20B5E301E694A4300549C19 /* Debug */ = {
			isa = XCBuildConfiguration;
			buildSettings = {
				ALWAYS_SEARCH_USER_PATHS = NO;
				CLANG_ANALYZER_NONNULL = YES;
				CLANG_CXX_LANGUAGE_STANDARD = "gnu++0x";
				CLANG_CXX_LIBRARY = "libc++";
				CLANG_ENABLE_MODULES = YES;
				CLANG_ENABLE_OBJC_ARC = YES;
				CLANG_WARN_BOOL_CONVERSION = YES;
				CLANG_WARN_CONSTANT_CONVERSION = YES;
				CLANG_WARN_DIRECT_OBJC_ISA_USAGE = YES_ERROR;
				CLANG_WARN_DOCUMENTATION_COMMENTS = YES;
				CLANG_WARN_EMPTY_BODY = YES;
				CLANG_WARN_ENUM_CONVERSION = YES;
				CLANG_WARN_INFINITE_RECURSION = YES;
				CLANG_WARN_INT_CONVERSION = YES;
				CLANG_WARN_OBJC_ROOT_CLASS = YES_ERROR;
				CLANG_WARN_SUSPICIOUS_MOVE = YES;
				CLANG_WARN_UNREACHABLE_CODE = YES;
				CLANG_WARN__DUPLICATE_METHOD_MATCH = YES;
				CODE_SIGN_IDENTITY = "-";
				COPY_PHASE_STRIP = NO;
				DEBUG_INFORMATION_FORMAT = dwarf;
				ENABLE_STRICT_OBJC_MSGSEND = YES;
				ENABLE_TESTABILITY = YES;
				GCC_C_LANGUAGE_STANDARD = gnu99;
				GCC_DYNAMIC_NO_PIC = NO;
				GCC_NO_COMMON_BLOCKS = YES;
				GCC_OPTIMIZATION_LEVEL = 0;
				GCC_PREPROCESSOR_DEFINITIONS = (
					"DEBUG=1",
					"$(inherited)",
				);
				GCC_WARN_64_TO_32_BIT_CONVERSION = YES;
				GCC_WARN_ABOUT_RETURN_TYPE = YES_ERROR;
				GCC_WARN_UNDECLARED_SELECTOR = YES;
				GCC_WARN_UNINITIALIZED_AUTOS = YES_AGGRESSIVE;
				GCC_WARN_UNUSED_FUNCTION = YES;
				GCC_WARN_UNUSED_VARIABLE = YES;
				MACOSX_DEPLOYMENT_TARGET = 10.12;
				MTL_ENABLE_DEBUG_INFO = YES;
				ONLY_ACTIVE_ARCH = YES;
				SDKROOT = macosx;
			};
			name = Debug;
		};
		E20B5E311E694A4300549C19 /* Release */ = {
			isa = XCBuildConfiguration;
			buildSettings = {
				ALWAYS_SEARCH_USER_PATHS = NO;
				CLANG_ANALYZER_NONNULL = YES;
				CLANG_CXX_LANGUAGE_STANDARD = "gnu++0x";
				CLANG_CXX_LIBRARY = "libc++";
				CLANG_ENABLE_MODULES = YES;
				CLANG_ENABLE_OBJC_ARC = YES;
				CLANG_WARN_BOOL_CONVERSION = YES;
				CLANG_WARN_CONSTANT_CONVERSION = YES;
				CLANG_WARN_DIRECT_OBJC_ISA_USAGE = YES_ERROR;
				CLANG_WARN_DOCUMENTATION_COMMENTS = YES;
				CLANG_WARN_EMPTY_BODY = YES;
				CLANG_WARN_ENUM_CONVERSION = YES;
				CLANG_WARN_INFINITE_RECURSION = YES;
				CLANG_WARN_INT_CONVERSION = YES;
				CLANG_WARN_OBJC_ROOT_CLASS = YES_ERROR;
				CLANG_WARN_SUSPICIOUS_MOVE = YES;
				CLANG_WARN_UNREACHABLE_CODE = YES;
				CLANG_WARN__DUPLICATE_METHOD_MATCH = YES;
				CODE_SIGN_IDENTITY = "-";
				COPY_PHASE_STRIP = NO;
				DEBUG_INFORMATION_FORMAT = "dwarf-with-dsym";
				ENABLE_NS_ASSERTIONS = NO;
				ENABLE_STRICT_OBJC_MSGSEND = YES;
				GCC_C_LANGUAGE_STANDARD = gnu99;
				GCC_NO_COMMON_BLOCKS = YES;
				GCC_WARN_64_TO_32_BIT_CONVERSION = YES;
				GCC_WARN_ABOUT_RETURN_TYPE = YES_ERROR;
				GCC_WARN_UNDECLARED_SELECTOR = YES;
				GCC_WARN_UNINITIALIZED_AUTOS = YES_AGGRESSIVE;
				GCC_WARN_UNUSED_FUNCTION = YES;
				GCC_WARN_UNUSED_VARIABLE = YES;
				MACOSX_DEPLOYMENT_TARGET = 10.12;
				MTL_ENABLE_DEBUG_INFO = NO;
				SDKROOT = macosx;
			};
			name = Release;
		};
		E20B5E331E694A4300549C19 /* Debug */ = {
			isa = XCBuildConfiguration;
			buildSettings = {
				ASSETCATALOG_COMPILER_APPICON_NAME = AppIcon;
				CODE_SIGN_ENTITLEMENTS = "GImageTransformer/一键图标.entitlements";
				COMBINE_HIDPI_IMAGES = YES;
				INFOPLIST_FILE = GImageTransformer/Info.plist;
				LD_RUNPATH_SEARCH_PATHS = "$(inherited) @executable_path/../Frameworks";
				MACOSX_DEPLOYMENT_TARGET = 10.10;
				PRODUCT_BUNDLE_IDENTIFIER = com.greenleaf.GImageTransformer;
				PRODUCT_NAME = "一键图标";
			};
			name = Debug;
		};
		E20B5E341E694A4300549C19 /* Release */ = {
			isa = XCBuildConfiguration;
			buildSettings = {
				ASSETCATALOG_COMPILER_APPICON_NAME = AppIcon;
				CODE_SIGN_ENTITLEMENTS = "GImageTransformer/一键图标.entitlements";
				COMBINE_HIDPI_IMAGES = YES;
				INFOPLIST_FILE = GImageTransformer/Info.plist;
				LD_RUNPATH_SEARCH_PATHS = "$(inherited) @executable_path/../Frameworks";
				MACOSX_DEPLOYMENT_TARGET = 10.10;
				PRODUCT_BUNDLE_IDENTIFIER = com.greenleaf.GImageTransformer;
				PRODUCT_NAME = "一键图标";
			};
			name = Release;
		};
/* End XCBuildConfiguration section */

/* Begin XCConfigurationList section */
		E20B5E191E694A4300549C19 /* Build configuration list for PBXProject "GImageTransformer" */ = {
			isa = XCConfigurationList;
			buildConfigurations = (
				E20B5E301E694A4300549C19 /* Debug */,
				E20B5E311E694A4300549C19 /* Release */,
			);
			defaultConfigurationIsVisible = 0;
			defaultConfigurationName = Release;
		};
		E20B5E321E694A4300549C19 /* Build configuration list for PBXNativeTarget "GImageTransformer" */ = {
			isa = XCConfigurationList;
			buildConfigurations = (
				E20B5E331E694A4300549C19 /* Debug */,
				E20B5E341E694A4300549C19 /* Release */,
			);
			defaultConfigurationIsVisible = 0;
			defaultConfigurationName = Release;
		};
/* End XCConfigurationList section */
	};
	rootObject = E20B5E161E694A4300549C19 /* Project object */;
}
